
Microsoft Visual Studio Solution File, Format Version 12.00
# Visual Studio 15
VisualStudioVersion = 15.0.27428.2002
MinimumVisualStudioVersion = 10.0.40219.1
Project("{FAE04EC0-301F-11D3-BF4B-00C04F79EFBC}") = "BookstoreApp.Data", "BookstoreApp.Data.csproj", "{CC2B780C-8C53-4DA6-8C8E-907BE8260EB4}"
EndProject
Global
	GlobalSection(SolutionConfigurationPlatforms) = preSolution
		Debug|Any CPU = Debug|Any CPU
		Release|Any CPU = Release|Any CPU
	EndGlobalSection
	GlobalSection(ProjectConfigurationPlatforms) = postSolution
		{CC2B780C-8C53-4DA6-8C8E-907BE8260EB4}.Debug|Any CPU.ActiveCfg = Debug|Any CPU
		{CC2B780C-8C53-4DA6-8C8E-907BE8260EB4}.Debug|Any CPU.Build.0 = Debug|Any CPU
		{CC2B780C-8C53-4DA6-8C8E-907BE8260EB4}.Release|Any CPU.ActiveCfg = Release|Any CPU
		{CC2B780C-8C53-4DA6-8C8E-907BE8260EB4}.Release|Any CPU.Build.0 = Release|Any CPU
	EndGlobalSection
	GlobalSection(SolutionProperties) = preSolution
		HideSolutionNode = FALSE
	EndGlobalSection
	GlobalSection(ExtensibilityGlobals) = postSolution
		SolutionGuid = {4459F1D1-26CE-4405-9A30-5857060FE681}
	EndGlobalSection
EndGlobal
